
Microsoft Visual Studio Solution File, Format Version 12.00
Project("{FAE04EC0-301F-11D3-BF4B-00C04F79EFBC}") = "DI_LiveCycle", "DI_LiveCycle\DI_LiveCycle.csproj", "{068E28FA-BD35-42E0-8085-A4F275D60BD2}"
EndProject
Global
	GlobalSection(SolutionConfigurationPlatforms) = preSolution
		Debug|Any CPU = Debug|Any CPU
		Release|Any CPU = Release|Any CPU
	EndGlobalSection
	GlobalSection(ProjectConfigurationPlatforms) = postSolution
		{068E28FA-BD35-42E0-8085-A4F275D60BD2}.Debug|Any CPU.ActiveCfg = Debug|Any CPU
		{068E28FA-BD35-42E0-8085-A4F275D60BD2}.Debug|Any CPU.Build.0 = Debug|Any CPU
		{068E28FA-BD35-42E0-8085-A4F275D60BD2}.Release|Any CPU.ActiveCfg = Release|Any CPU
		{068E28FA-BD35-42E0-8085-A4F275D60BD2}.Release|Any CPU.Build.0 = Release|Any CPU
	EndGlobalSection
EndGlobal
